
Microsoft Visual Studio Solution File, Format Version 12.00
# Visual Studio Version 17
VisualStudioVersion = 17.5.33414.496
MinimumVisualStudioVersion = 10.0.40219.1
Project("{FAE04EC0-301F-11D3-BF4B-00C04F79EFBC}") = "Projeto_EstanteLivros_MongoDB", "Projeto_EstanteLivros_MongoDB\Projeto_EstanteLivros_MongoDB.csproj", "{ACC76D1F-E83D-4243-B95F-2EDA99D40BD8}"
EndProject
Global
	GlobalSection(SolutionConfigurationPlatforms) = preSolution
		Debug|Any CPU = Debug|Any CPU
		Release|Any CPU = Release|Any CPU
	EndGlobalSection
	GlobalSection(ProjectConfigurationPlatforms) = postSolution
		{ACC76D1F-E83D-4243-B95F-2EDA99D40BD8}.Debug|Any CPU.ActiveCfg = Debug|Any CPU
		{ACC76D1F-E83D-4243-B95F-2EDA99D40BD8}.Debug|Any CPU.Build.0 = Debug|Any CPU
		{ACC76D1F-E83D-4243-B95F-2EDA99D40BD8}.Release|Any CPU.ActiveCfg = Release|Any CPU
		{ACC76D1F-E83D-4243-B95F-2EDA99D40BD8}.Release|Any CPU.Build.0 = Release|Any CPU
	EndGlobalSection
	GlobalSection(SolutionProperties) = preSolution
		HideSolutionNode = FALSE
	EndGlobalSection
	GlobalSection(ExtensibilityGlobals) = postSolution
		SolutionGuid = {1E6EBF3B-C9F2-4988-8D46-8A1E0E88EE26}
	EndGlobalSection
EndGlobal
